
Microsoft Visual Studio Solution File, Format Version 12.00
# Visual Studio Version 17
VisualStudioVersion = 17.5.33414.496
MinimumVisualStudioVersion = 10.0.40219.1
Project("{FAE04EC0-301F-11D3-BF4B-00C04F79EFBC}") = "ChromaticDoodles", "ChromaticDoodles\ChromaticDoodles.csproj", "{7FE2FD10-6E09-4569-A3C6-666CFC5F39FB}"
EndProject
Global
	GlobalSection(SolutionConfigurationPlatforms) = preSolution
		Debug|Any CPU = Debug|Any CPU
		Release|Any CPU = Release|Any CPU
	EndGlobalSection
	GlobalSection(ProjectConfigurationPlatforms) = postSolution
		{7FE2FD10-6E09-4569-A3C6-666CFC5F39FB}.Debug|Any CPU.ActiveCfg = Debug|Any CPU
		{7FE2FD10-6E09-4569-A3C6-666CFC5F39FB}.Debug|Any CPU.Build.0 = Debug|Any CPU
		{7FE2FD10-6E09-4569-A3C6-666CFC5F39FB}.Release|Any CPU.ActiveCfg = Release|Any CPU
		{7FE2FD10-6E09-4569-A3C6-666CFC5F39FB}.Release|Any CPU.Build.0 = Release|Any CPU
	EndGlobalSection
	GlobalSection(SolutionProperties) = preSolution
		HideSolutionNode = FALSE
	EndGlobalSection
	GlobalSection(ExtensibilityGlobals) = postSolution
		SolutionGuid = {0146D426-ED48-4C80-8729-9587EBE66228}
	EndGlobalSection
EndGlobal
